{
    "_readme": [
        "This file locks the dependencies of your project to a known state",
        "Read more about it at https://getcomposer.org/doc/01-basic-usage.md#installing-dependencies",
        "This file is @generated automatically"
    ],
    "content-hash": "e9d9147434da713e524c99924a9e4772",
    "packages": [
        {
            "name": "shuchkin/simplexlsx",
            "version": "1.1.18",
            "source": {
                "type": "git",
                "url": "https://github.com/shuchkin/simplexlsx.git",
                "reference": "40386bd81aaf89ba485cee8990ce91a19d91dc07"
            },
            "dist": {
                "type": "zip",
                "url": "https://api.github.com/repos/shuchkin/simplexlsx/zipball/40386bd81aaf89ba485cee8990ce91a19d91dc07",
                "reference": "40386bd81aaf89ba485cee8990ce91a19d91dc07",
                "shasum": ""
            },
            "require": {
                "ext-libxml": "*",
                "ext-mbstring": "*",
                "ext-simplexml": "*",
                "ext-zlib": "*",
                "php": ">=5.5"
            },
            "type": "library",
            "autoload": {
                "classmap": [
                    "src/SimpleXLSX.php"
                ]
            },
            "notification-url": "https://packagist.org/downloads/",
            "license": [
                "MIT"
            ],
            "authors": [
                {
                    "name": "Sergey Shuchkin (SMSPILOT)",
                    "email": "sergey.shuchkin@gmail.com",
                    "homepage": "https://github.com/shuchkin"
                }
            ],
            "description": "Parse and retrieve data from Excel XLSx files. MS Excel 2007 workbooks PHP reader.",
            "homepage": "https://github.com/shuchkin/simplexlsx",
            "keywords": [
                "backend",
                "excel",
                "parser",
                "php",
                "reader",
                "xlsx"
            ],
            "support": {
                "issues": "https://github.com/shuchkin/simplexlsx/issues",
                "source": "https://github.com/shuchkin/simplexlsx/tree/1.1.18"
            },
            "time": "2026-09-05T06:35:36+00:00"
        },
        {
            "name": "shuchkin/simplexlsxgen",
            "version": "1.5.17",
            "source": {
                "type": "git",
                "url": "https://github.com/shuchkin/simplexlsxgen.git",
                "reference": "162a4a9b929611d69dbd6f1a7f42af483a87b537"
            },
            "dist": {
                "type": "zip",
                "url": "https://api.github.com/repos/shuchkin/simplexlsxgen/zipball/162a4a9b929611d69dbd6f1a7f42af483a87b537",
                "reference": "162a4a9b929611d69dbd6f1a7f42af483a87b537",
                "shasum": ""
            },
            "require": {
                "ext-mbstring": "*",
                "ext-zlib": "*",
                "php": ">=5.4"
            },
            "type": "library",
            "autoload": {
                "classmap": [
                    "src/SimpleXLSXGen.php"
                ]
            },
            "notification-url": "https://packagist.org/downloads/",
            "license": [
                "MIT"
            ],
            "authors": [
                {
                    "name": "Sergey Shuchkin (SMSPILOT)",
                    "email": "sergey.shuchkin@gmail.com",
                    "homepage": "https://shuchkin.ru/"
                }
            ],
            "description": "Export data to Excel XLSx file. PHP XLSX generator.",
            "homepage": "https://github.com/shuchkin/simplexlsxgen",
            "keywords": [
                "backend",
                "creator",
                "excel",
                "generator",
                "php",
                "writer",
                "xlsx"
            ],
            "support": {
                "issues": "https://github.com/shuchkin/simplexlsxgen/issues",
                "source": "https://github.com/shuchkin/simplexlsxgen/tree/1.5.17"
            },
            "time": "2026-05-03T13:04:04+00:00"
        }
    ],
    "packages-dev": [],
    "aliases": [],
    "minimum-stability": "stable",
    "stability-flags": {},
    "prefer-stable": false,
    "prefer-lowest": false,
    "platform": {},
    "platform-dev": {},
    "plugin-api-version": "2.9.0"
}
